# This file is generated by running "yarn install" inside your project.
# Manual changes might be lost - proceed with caution!

__metadata:
  version: 8
  cacheKey: 10

"@babel/runtime@npm:^7.5.5":
  version: 7.29.7
  resolution: "@babel/runtime@npm:7.29.7"
  checksum: 10/9883b4951787779fd382b121f22f92966d85f19434841f65fb00b2dfec232107e139683f47c6f252891826ad8ee18317b46c3a0e4819116a9885f47b46d7126a
  languageName: node
  linkType: hard

"@changesets/apply-release-plan@npm:^7.1.1":
  version: 7.1.1
  resolution: "@changesets/apply-release-plan@npm:7.1.1"
  dependencies:
    "@changesets/config": "npm:^3.1.4"
    "@changesets/get-version-range-type": "npm:^0.4.0"
    "@changesets/git": "npm:^3.0.4"
    "@changesets/should-skip-package": "npm:^0.1.2"
    "@changesets/types": "npm:^6.1.0"
    "@manypkg/get-packages": "npm:^1.1.3"
    detect-indent: "npm:^6.0.0"
    fs-extra: "npm:^7.0.1"
    lodash.startcase: "npm:^4.4.0"
    outdent: "npm:^0.5.0"
    prettier: "npm:^2.7.1"
    resolve-from: "npm:^5.0.0"
    semver: "npm:^7.5.3"
  checksum: 10/6810c645c08f5f54a7d40025e41b79fe0d52cf83830b1ce1562d34ba6cbc26d9ce2c7482580623ebf3ea5fa1b01f32e9f61f6b7e1b4296d8ac45d8ba7a6bcae0
  languageName: node
  linkType: hard

"@changesets/assemble-release-plan@npm:6.0.10, @changesets/assemble-release-plan@npm:^6.0.10":
  version: 6.0.10
  resolution: "@changesets/assemble-release-plan@npm:6.0.10"
  dependencies:
    "@changesets/errors": "npm:^0.2.0"
    "@changesets/get-dependents-graph": "npm:^2.1.4"
    "@changesets/should-skip-package": "npm:^0.1.2"
    "@changesets/types": "npm:^6.1.0"
    "@manypkg/get-packages": "npm:^1.1.3"
    semver: "npm:^7.5.3"
  checksum: 10/75abf5d008d7aed4f29cdb8c46a7d3bcb16531a317be7d2cdbd51b6b6a80cffb350ac5dafe658954402440de1836cd0096f1b69c0768c2bec8939f4ff26cc34e
  languageName: node
  linkType: hard

"@changesets/changelog-git@npm:^0.2.1":
  version: 0.2.1
  resolution: "@changesets/changelog-git@npm:0.2.1"
  dependencies:
    "@changesets/types": "npm:^6.1.0"
  checksum: 10/c22f3c0baf50c102a6890046351ee42f65ff6d58747ba4f75e5e40da1ed5fbcfd0dc2d11cdfb86acbb3262e58acb93f096c798827cac570c1e22e8f32f58a30f
  languageName: node
  linkType: hard

"@changesets/cli@npm:2.31.1":
  version: 2.31.1
  resolution: "@changesets/cli@npm:2.31.1"
  dependencies:
    "@changesets/apply-release-plan": "npm:^7.1.1"
    "@changesets/assemble-release-plan": "npm:^6.0.10"
    "@changesets/changelog-git": "npm:^0.2.1"
    "@changesets/config": "npm:^3.1.4"
    "@changesets/errors": "npm:^0.2.0"
    "@changesets/get-dependents-graph": "npm:^2.1.4"
    "@changesets/get-release-plan": "npm:^4.0.16"
    "@changesets/git": "npm:^3.0.4"
    "@changesets/logger": "npm:^0.1.1"
    "@changesets/pre": "npm:^2.0.2"
    "@changesets/read": "npm:^0.6.7"
    "@changesets/should-skip-package": "npm:^0.1.2"
    "@changesets/types": "npm:^6.1.0"
    "@changesets/write": "npm:^0.4.0"
    "@inquirer/external-editor": "npm:^1.0.2"
    "@manypkg/get-packages": "npm:^1.1.3"
    ansi-colors: "npm:^4.1.3"
    enquirer: "npm:^2.4.1"
    fs-extra: "npm:^7.0.1"
    mri: "npm:^1.2.0"
    package-manager-detector: "npm:^0.2.0"
    picocolors: "npm:^1.1.0"
    resolve-from: "npm:^5.0.0"
    semver: "npm:^7.5.3"
    spawndamnit: "npm:^3.0.1"
    term-size: "npm:^2.1.0"
  bin:
    changeset: bin.js
  checksum: 10/cdd707e821cd1b589eb2301b9c2f4219c118a6f4bdf20ec9f0a0ad43e99a8a4ef5883f90ab926723cee904217f7aabe14ee43346eda873495254f40e28672585
  languageName: node
  linkType: hard

"@changesets/config@npm:3.1.4, @changesets/config@npm:^3.1.4":
  version: 3.1.4
  resolution: "@changesets/config@npm:3.1.4"
  dependencies:
    "@changesets/errors": "npm:^0.2.0"
    "@changesets/get-dependents-graph": "npm:^2.1.4"
    "@changesets/logger": "npm:^0.1.1"
    "@changesets/should-skip-package": "npm:^0.1.2"
    "@changesets/types": "npm:^6.1.0"
    "@manypkg/get-packages": "npm:^1.1.3"
    fs-extra: "npm:^7.0.1"
    micromatch: "npm:^4.0.8"
  checksum: 10/d563b0613c3fa387d517bd137c64755bd8246f74dc070c6a9cd5d2d05b2cd7b95cc042f8064fc01f4c18b04d5becc28e1c35f72e386e7c89ec5f0de781d30bf6
  languageName: node
  linkType: hard

"@changesets/errors@npm:^0.2.0":
  version: 0.2.0
  resolution: "@changesets/errors@npm:0.2.0"
  dependencies:
    extendable-error: "npm:^0.1.5"
  checksum: 10/4b79373f92287af4f723e8dbbccaf0299aa8735fc043243d0ad587f04a7614615ea50180be575d4438b9f00aa82d1cf85e902b77a55bdd3e0a8dd97e77b18c60
  languageName: node
  linkType: hard

"@changesets/get-dependents-graph@npm:^2.1.4":
  version: 2.1.4
  resolution: "@changesets/get-dependents-graph@npm:2.1.4"
  dependencies:
    "@changesets/types": "npm:^6.1.0"
    "@manypkg/get-packages": "npm:^1.1.3"
    picocolors: "npm:^1.1.0"
    semver: "npm:^7.5.3"
  checksum: 10/4b4895a69a47315e286b365d68af00216e29cba0b1033374cc4b7db0ec75625dd829e9e54aecf2ca7131ba7cc50f1ff1f51beb79a901b6da845c310f85d94464
  languageName: node
  linkType: hard

"@changesets/get-release-plan@npm:^4.0.16":
  version: 4.0.16
  resolution: "@changesets/get-release-plan@npm:4.0.16"
  dependencies:
    "@changesets/assemble-release-plan": "npm:^6.0.10"
    "@changesets/config": "npm:^3.1.4"
    "@changesets/pre": "npm:^2.0.2"
    "@changesets/read": "npm:^0.6.7"
    "@changesets/types": "npm:^6.1.0"
    "@manypkg/get-packages": "npm:^1.1.3"
  checksum: 10/bb19b1ed535071d0d706731c91f19f6e87f18f78e583fa1e4fb7ab944c166ce1be5aa5f70b31cc5178aee6155b214522e49e0fd44a74eab416f8524411e07be6
  languageName: node
  linkType: hard

"@changesets/get-version-range-type@npm:^0.4.0":
  version: 0.4.0
  resolution: "@changesets/get-version-range-type@npm:0.4.0"
  checksum: 10/9868e99b31af652d3fa08fc33d55b9636f2feed1f4efdb318a6dbb4bb061281868de089b93041ce7f2775ab9cf454b92b1199767d0f4f228d8bbc483e61d2fd8
  languageName: node
  linkType: hard

"@changesets/git@npm:^3.0.4":
  version: 3.0.4
  resolution: "@changesets/git@npm:3.0.4"
  dependencies:
    "@changesets/errors": "npm:^0.2.0"
    "@manypkg/get-packages": "npm:^1.1.3"
    is-subdir: "npm:^1.1.1"
    micromatch: "npm:^4.0.8"
    spawndamnit: "npm:^3.0.1"
  checksum: 10/4f5a1f3354ec39d530df78b198eaaf2a8ef6cca873dd18efb8706aae09cab04e0d985abd236288644fac5d10cc5cb6ba2538c3e0be023c4d80790ff841f39fa6
  languageName: node
  linkType: hard

"@changesets/logger@npm:^0.1.1":
  version: 0.1.1
  resolution: "@changesets/logger@npm:0.1.1"
  dependencies:
    picocolors: "npm:^1.1.0"
  checksum: 10/bbfc050ddd0afdaa95bb790e81894b7548a2def059deeaed1685e22c10ede245ec2264df42bb2200cc0c8bd040e427bcd68a7afcca2633dc263a28e923d7c175
  languageName: node
  linkType: hard

"@changesets/parse@npm:^0.4.3":
  version: 0.4.3
  resolution: "@changesets/parse@npm:0.4.3"
  dependencies:
    "@changesets/types": "npm:^6.1.0"
    js-yaml: "npm:^4.1.1"
  checksum: 10/f5742266a4ecb90a8283868f2bec740ce7be94745dee7df0b2f47882775d700bdfa3b660c2ec8d06b64153cf9b02cb3d46064f391c62933c9c60a9570763f928
  languageName: node
  linkType: hard

"@changesets/pre@npm:^2.0.2":
  version: 2.0.2
  resolution: "@changesets/pre@npm:2.0.2"
  dependencies:
    "@changesets/errors": "npm:^0.2.0"
    "@changesets/types": "npm:^6.1.0"
    "@manypkg/get-packages": "npm:^1.1.3"
    fs-extra: "npm:^7.0.1"
  checksum: 10/daaedd2747492ced61f107d38f90e535607bcb073b10ffac3d9e3bcad1a4cc082370884224fc6785af2d92d37f6b0a3bf853f9759b8fda294878d00d24344415
  languageName: node
  linkType: hard

"@changesets/read@npm:0.6.7, @changesets/read@npm:^0.6.7":
  version: 0.6.7
  resolution: "@changesets/read@npm:0.6.7"
  dependencies:
    "@changesets/git": "npm:^3.0.4"
    "@changesets/logger": "npm:^0.1.1"
    "@changesets/parse": "npm:^0.4.3"
    "@changesets/types": "npm:^6.1.0"
    fs-extra: "npm:^7.0.1"
    p-filter: "npm:^2.1.0"
    picocolors: "npm:^1.1.0"
  checksum: 10/6bf3fd4b0c743d2ef53cb39c4e52731622949a695f031412ff6ea9f30860620a1d9deb1cfd1af0c92d2e2d275b6d949c0cc1e83c192f2094e0071d690c48a42e
  languageName: node
  linkType: hard

"@changesets/should-skip-package@npm:^0.1.2":
  version: 0.1.2
  resolution: "@changesets/should-skip-package@npm:0.1.2"
  dependencies:
    "@changesets/types": "npm:^6.1.0"
    "@manypkg/get-packages": "npm:^1.1.3"
  checksum: 10/d09fcf1200ee201f0dd5b8049d90e8b5e0cfd34cc94f5c661c4cdab182a8263628733f9bc5886550a92f6f7857339d79fc77f12ffd53559b029a2bf9a2fa7ace
  languageName: node
  linkType: hard

"@changesets/types@npm:^4.0.1":
  version: 4.1.0
  resolution: "@changesets/types@npm:4.1.0"
  checksum: 10/4d7c65a447400ac474b2dc2d79bc1a5341c305fbce4a648ef59d9939bc1bbbbd6852684c417a9a4ef0226468b9cb522b9ac2b5393f21fa5f20f1b12bee94eab5
  languageName: node
  linkType: hard

"@changesets/types@npm:^6.1.0":
  version: 6.1.0
  resolution: "@changesets/types@npm:6.1.0"
  checksum: 10/2dcd00712cb85d0c53afdd8d0e856b4bf9c0ce8dc36c838c918d44799aacd9ba8659b9ff610ff92b94fc03c8fd2b52c5b05418fcf8a1bd138cd9182414ede373
  languageName: node
  linkType: hard

"@changesets/write@npm:^0.4.0":
  version: 0.4.0
  resolution: "@changesets/write@npm:0.4.0"
  dependencies:
    "@changesets/types": "npm:^6.1.0"
    fs-extra: "npm:^7.0.1"
    human-id: "npm:^4.1.1"
    prettier: "npm:^2.7.1"
  checksum: 10/bcea8431a09e282bdf66adbd8411d5d3cc19b4a2df519a42586c912b23a7b3ef18d1d0765e2d1a27ff175e2dfc9ef4c2df95cfa920dd4dd2972aaaf662afc6b9
  languageName: node
  linkType: hard

"@inquirer/external-editor@npm:^1.0.2":
  version: 1.0.3
  resolution: "@inquirer/external-editor@npm:1.0.3"
  dependencies:
    chardet: "npm:^2.1.1"
    iconv-lite: "npm:^0.7.0"
  peerDependencies:
    "@types/node": ">=18"
  peerDependenciesMeta:
    "@types/node":
      optional: true
  checksum: 10/c95d7237a885b32031715089f92820525731d4d3c2bd7afdb826307dc296cc2b39e7a644b0bb265441963348cca42e7785feb29c3aaf18fd2b63131769bf6587
  languageName: node
  linkType: hard

"@manypkg/find-root@npm:^1.1.0":
  version: 1.1.0
  resolution: "@manypkg/find-root@npm:1.1.0"
  dependencies:
    "@babel/runtime": "npm:^7.5.5"
    "@types/node": "npm:^12.7.1"
    find-up: "npm:^4.1.0"
    fs-extra: "npm:^8.1.0"
  checksum: 10/31e7dde82612a0e37ebb07876d76b1bf2aedc5b285b5e50d94cdf63edbf1fa3970349b84a5837a3c687e5b643e9a4f4588ae1f4b4ae9d412516d57bf977a08db
  languageName: node
  linkType: hard

"@manypkg/get-packages@npm:1.1.3, @manypkg/get-packages@npm:^1.1.3":
  version: 1.1.3
  resolution: "@manypkg/get-packages@npm:1.1.3"
  dependencies:
    "@babel/runtime": "npm:^7.5.5"
    "@changesets/types": "npm:^4.0.1"
    "@manypkg/find-root": "npm:^1.1.0"
    fs-extra: "npm:^8.1.0"
    globby: "npm:^11.0.0"
    read-yaml-file: "npm:^1.1.0"
  checksum: 10/4912e002199ff3974ec48586376a04c5f1815a4faa5f4d36b0698838eec143c9d4e3d42c41e0de009f48a1e2251802ed63c1311ab44de225b50102f85919a248
  languageName: node
  linkType: hard

"@nodelib/fs.scandir@npm:2.1.5":
  version: 2.1.5
  resolution: "@nodelib/fs.scandir@npm:2.1.5"
  dependencies:
    "@nodelib/fs.stat": "npm:2.0.5"
    run-parallel: "npm:^1.1.9"
  checksum: 10/6ab2a9b8a1d67b067922c36f259e3b3dfd6b97b219c540877a4944549a4d49ea5ceba5663905ab5289682f1f3c15ff441d02f0447f620a42e1cb5e1937174d4b
  languageName: node
  linkType: hard

"@nodelib/fs.stat@npm:2.0.5, @nodelib/fs.stat@npm:^2.0.2":
  version: 2.0.5
  resolution: "@nodelib/fs.stat@npm:2.0.5"
  checksum: 10/012480b5ca9d97bff9261571dbbec7bbc6033f69cc92908bc1ecfad0792361a5a1994bc48674b9ef76419d056a03efadfce5a6cf6dbc0a36559571a7a483f6f0
  languageName: node
  linkType: hard

"@nodelib/fs.walk@npm:^1.2.3":
  version: 1.2.8
  resolution: "@nodelib/fs.walk@npm:1.2.8"
  dependencies:
    "@nodelib/fs.scandir": "npm:2.1.5"
    fastq: "npm:^1.6.0"
  checksum: 10/40033e33e96e97d77fba5a238e4bba4487b8284678906a9f616b5579ddaf868a18874c0054a75402c9fbaaa033a25ceae093af58c9c30278e35c23c9479e79b0
  languageName: node
  linkType: hard

"@types/node@npm:^12.7.1":
  version: 12.20.55
  resolution: "@types/node@npm:12.20.55"
  checksum: 10/1f916a06fff02faadb09a16ed6e31820ce170798b202ef0b14fc244bfbd721938c54a3a99836e185e4414ca461fe96c5bb5c67c3d248f153555b7e6347f061dd
  languageName: node
  linkType: hard

"@zbynekstara-test/core@workspace:packages/core, @zbynekstara-test/core@workspace:~":
  version: 0.0.0-use.local
  resolution: "@zbynekstara-test/core@workspace:packages/core"
  languageName: unknown
  linkType: soft

"@zbynekstara-test/dep@workspace:packages/dep":
  version: 0.0.0-use.local
  resolution: "@zbynekstara-test/dep@workspace:packages/dep"
  dependencies:
    "@zbynekstara-test/core": "workspace:~"
  languageName: unknown
  linkType: soft

"ansi-colors@npm:^4.1.1, ansi-colors@npm:^4.1.3":
  version: 4.1.3
  resolution: "ansi-colors@npm:4.1.3"
  checksum: 10/43d6e2fc7b1c6e4dc373de708ee76311ec2e0433e7e8bd3194e7ff123ea6a747428fc61afdcf5969da5be3a5f0fd054602bec56fc0ebe249ce2fcde6e649e3c2
  languageName: node
  linkType: hard

"ansi-regex@npm:^5.0.1":
  version: 5.0.1
  resolution: "ansi-regex@npm:5.0.1"
  checksum: 10/2aa4bb54caf2d622f1afdad09441695af2a83aa3fe8b8afa581d205e57ed4261c183c4d3877cee25794443fde5876417d859c108078ab788d6af7e4fe52eb66b
  languageName: node
  linkType: hard

"argparse@npm:^1.0.7":
  version: 1.0.10
  resolution: "argparse@npm:1.0.10"
  dependencies:
    sprintf-js: "npm:~1.0.2"
  checksum: 10/c6a621343a553ff3779390bb5ee9c2263d6643ebcd7843227bdde6cc7adbed796eb5540ca98db19e3fd7b4714e1faa51551f8849b268bb62df27ddb15cbcd91e
  languageName: node
  linkType: hard

"argparse@npm:^2.0.1":
  version: 2.0.1
  resolution: "argparse@npm:2.0.1"
  checksum: 10/18640244e641a417ec75a9bd38b0b2b6b95af5199aa241b131d4b2fb206f334d7ecc600bd194861610a5579084978bfcbb02baa399dbe442d56d0ae5e60dbaef
  languageName: node
  linkType: hard

"array-union@npm:^2.1.0":
  version: 2.1.0
  resolution: "array-union@npm:2.1.0"
  checksum: 10/5bee12395cba82da674931df6d0fea23c4aa4660cb3b338ced9f828782a65caa232573e6bf3968f23e0c5eb301764a382cef2f128b170a9dc59de0e36c39f98d
  languageName: node
  linkType: hard

"better-path-resolve@npm:1.0.0":
  version: 1.0.0
  resolution: "better-path-resolve@npm:1.0.0"
  dependencies:
    is-windows: "npm:^1.0.0"
  checksum: 10/5392dbe04e7fe68b944eb37961d9dfa147aaac3ee9ee3f6e13d42e2c9fbe949e68d16e896c14ee9016fa5f8e6e53ec7fd8b5f01b50a32067a7d94ac9cfb9a050
  languageName: node
  linkType: hard

"braces@npm:^3.0.3":
  version: 3.0.3
  resolution: "braces@npm:3.0.3"
  dependencies:
    fill-range: "npm:^7.1.1"
  checksum: 10/fad11a0d4697a27162840b02b1fad249c1683cbc510cd5bf1a471f2f8085c046d41094308c577a50a03a579dd99d5a6b3724c4b5e8b14df2c4443844cfcda2c6
  languageName: node
  linkType: hard

"chardet@npm:^2.1.1":
  version: 2.2.0
  resolution: "chardet@npm:2.2.0"
  checksum: 10/78d1e5ba7bdc7db23511a194eedca805918df90a511f9c57f9cc7c1fc03702ed4ad053e485a766ace930362869269c4a731feaf460ae24bd3ed7d190cde8087d
  languageName: node
  linkType: hard

"cross-spawn@npm:^7.0.5":
  version: 7.0.6
  resolution: "cross-spawn@npm:7.0.6"
  dependencies:
    path-key: "npm:^3.1.0"
    shebang-command: "npm:^2.0.0"
    which: "npm:^2.0.1"
  checksum: 10/0d52657d7ae36eb130999dffff1168ec348687b48dd38e2ff59992ed916c88d328cf1d07ff4a4a10bc78de5e1c23f04b306d569e42f7a2293915c081e4dfee86
  languageName: node
  linkType: hard

"detect-indent@npm:^6.0.0":
  version: 6.1.0
  resolution: "detect-indent@npm:6.1.0"
  checksum: 10/ab953a73c72dbd4e8fc68e4ed4bfd92c97eb6c43734af3900add963fd3a9316f3bc0578b018b24198d4c31a358571eff5f0656e81a1f3b9ad5c547d58b2d093d
  languageName: node
  linkType: hard

"dir-glob@npm:^3.0.1":
  version: 3.0.1
  resolution: "dir-glob@npm:3.0.1"
  dependencies:
    path-type: "npm:^4.0.0"
  checksum: 10/fa05e18324510d7283f55862f3161c6759a3f2f8dbce491a2fc14c8324c498286c54282c1f0e933cb930da8419b30679389499b919122952a4f8592362ef4615
  languageName: node
  linkType: hard

"enquirer@npm:^2.4.1":
  version: 2.4.1
  resolution: "enquirer@npm:2.4.1"
  dependencies:
    ansi-colors: "npm:^4.1.1"
    strip-ansi: "npm:^6.0.1"
  checksum: 10/b3726486cd98f0d458a851a03326a2a5dd4d84f37ff94ff2a2960c915e0fc865865da3b78f0877dc36ac5c1189069eca603e82ec63d5bc6b0dd9985bf6426d7a
  languageName: node
  linkType: hard

"esprima@npm:^4.0.0":
  version: 4.0.1
  resolution: "esprima@npm:4.0.1"
  bin:
    esparse: ./bin/esparse.js
    esvalidate: ./bin/esvalidate.js
  checksum: 10/f1d3c622ad992421362294f7acf866aa9409fbad4eb2e8fa230bd33944ce371d32279667b242d8b8907ec2b6ad7353a717f3c0e60e748873a34a7905174bc0eb
  languageName: node
  linkType: hard

"extendable-error@npm:^0.1.5":
  version: 0.1.7
  resolution: "extendable-error@npm:0.1.7"
  checksum: 10/80478be7429a1675d2085f701239796bab3230ed6f2fb1b138fbabec24bea6516b7c5ceb6e9c209efcc9c089948d93715703845653535f8e8a49655066a9255e
  languageName: node
  linkType: hard

"fast-glob@npm:^3.2.9":
  version: 3.3.3
  resolution: "fast-glob@npm:3.3.3"
  dependencies:
    "@nodelib/fs.stat": "npm:^2.0.2"
    "@nodelib/fs.walk": "npm:^1.2.3"
    glob-parent: "npm:^5.1.2"
    merge2: "npm:^1.3.0"
    micromatch: "npm:^4.0.8"
  checksum: 10/dcc6432b269762dd47381d8b8358bf964d8f4f60286ac6aa41c01ade70bda459ff2001b516690b96d5365f68a49242966112b5d5cc9cd82395fa8f9d017c90ad
  languageName: node
  linkType: hard

"fastq@npm:^1.6.0":
  version: 1.20.1
  resolution: "fastq@npm:1.20.1"
  dependencies:
    reusify: "npm:^1.0.4"
  checksum: 10/ab2fe3a7a108112e7752cfe7fc11683c21e595913a6a593ad0b4415f31dddbfc283775ab66f2c8ccea6ab7cfc116157cbddcfae9798d9de98d08fe0a2c3e97b2
  languageName: node
  linkType: hard

"fill-range@npm:^7.1.1":
  version: 7.1.1
  resolution: "fill-range@npm:7.1.1"
  dependencies:
    to-regex-range: "npm:^5.0.1"
  checksum: 10/a7095cb39e5bc32fada2aa7c7249d3f6b01bd1ce461a61b0adabacccabd9198500c6fb1f68a7c851a657e273fce2233ba869638897f3d7ed2e87a2d89b4436ea
  languageName: node
  linkType: hard

"find-up@npm:^4.1.0":
  version: 4.1.0
  resolution: "find-up@npm:4.1.0"
  dependencies:
    locate-path: "npm:^5.0.0"
    path-exists: "npm:^4.0.0"
  checksum: 10/4c172680e8f8c1f78839486e14a43ef82e9decd0e74145f40707cc42e7420506d5ec92d9a11c22bd2c48fb0c384ea05dd30e10dd152fefeec6f2f75282a8b844
  languageName: node
  linkType: hard

"fs-extra@npm:^7.0.1":
  version: 7.0.1
  resolution: "fs-extra@npm:7.0.1"
  dependencies:
    graceful-fs: "npm:^4.1.2"
    jsonfile: "npm:^4.0.0"
    universalify: "npm:^0.1.0"
  checksum: 10/3fc6e56ba2f07c00d452163f27f21a7076b72ef7da8a50fef004336d59ef4c34deda11d10ecd73fd8fbcf20e4f575f52857293090b3c9f8741d4e0598be30fea
  languageName: node
  linkType: hard

"fs-extra@npm:^8.1.0":
  version: 8.1.0
  resolution: "fs-extra@npm:8.1.0"
  dependencies:
    graceful-fs: "npm:^4.2.0"
    jsonfile: "npm:^4.0.0"
    universalify: "npm:^0.1.0"
  checksum: 10/6fb12449f5349be724a138b4a7b45fe6a317d2972054517f5971959c26fbd17c0e145731a11c7324460262baa33e0a799b183ceace98f7a372c95fbb6f20f5de
  languageName: node
  linkType: hard

"glob-parent@npm:^5.1.2":
  version: 5.1.2
  resolution: "glob-parent@npm:5.1.2"
  dependencies:
    is-glob: "npm:^4.0.1"
  checksum: 10/32cd106ce8c0d83731966d31517adb766d02c3812de49c30cfe0675c7c0ae6630c11214c54a5ae67aca882cf738d27fd7768f21aa19118b9245950554be07247
  languageName: node
  linkType: hard

"globby@npm:^11.0.0":
  version: 11.1.0
  resolution: "globby@npm:11.1.0"
  dependencies:
    array-union: "npm:^2.1.0"
    dir-glob: "npm:^3.0.1"
    fast-glob: "npm:^3.2.9"
    ignore: "npm:^5.2.0"
    merge2: "npm:^1.4.1"
    slash: "npm:^3.0.0"
  checksum: 10/288e95e310227bbe037076ea81b7c2598ccbc3122d87abc6dab39e1eec309aa14f0e366a98cdc45237ffcfcbad3db597778c0068217dcb1950fef6249104e1b1
  languageName: node
  linkType: hard

"graceful-fs@npm:^4.1.2, graceful-fs@npm:^4.1.5, graceful-fs@npm:^4.1.6, graceful-fs@npm:^4.2.0":
  version: 4.2.11
  resolution: "graceful-fs@npm:4.2.11"
  checksum: 10/bf152d0ed1dc159239db1ba1f74fdbc40cb02f626770dcd5815c427ce0688c2635a06ed69af364396da4636d0408fcf7d4afdf7881724c3307e46aff30ca49e2
  languageName: node
  linkType: hard

"human-id@npm:^4.1.1":
  version: 4.2.0
  resolution: "human-id@npm:4.2.0"
  bin:
    human-id: dist/cli.js
  checksum: 10/879f603f199642a67995b76a41510e142140f67852fe886c7b4cd1e90f82f4fb1452a6b2a8b75b1c313073e663d0bbcbc5dbb1dd17a648991d4d1a6da709f087
  languageName: node
  linkType: hard

"iconv-lite@npm:^0.7.0":
  version: 0.7.3
  resolution: "iconv-lite@npm:0.7.3"
  dependencies:
    safer-buffer: "npm:>= 2.1.2 < 3.0.0"
  checksum: 10/b88a3f4527795c96854743bcdcdd03e0083ff5f1c072cb13d3e27c67cd276efd9a2a364922cb836538e976456f82323d645f7ea91d5bc8da1f000dc16742a0aa
  languageName: node
  linkType: hard

"ignore@npm:^5.2.0":
  version: 5.3.2
  resolution: "ignore@npm:5.3.2"
  checksum: 10/cceb6a457000f8f6a50e1196429750d782afce5680dd878aa4221bd79972d68b3a55b4b1458fc682be978f4d3c6a249046aa0880637367216444ab7b014cfc98
  languageName: node
  linkType: hard

"is-extglob@npm:^2.1.1":
  version: 2.1.1
  resolution: "is-extglob@npm:2.1.1"
  checksum: 10/df033653d06d0eb567461e58a7a8c9f940bd8c22274b94bf7671ab36df5719791aae15eef6d83bbb5e23283967f2f984b8914559d4449efda578c775c4be6f85
  languageName: node
  linkType: hard

"is-glob@npm:^4.0.1":
  version: 4.0.3
  resolution: "is-glob@npm:4.0.3"
  dependencies:
    is-extglob: "npm:^2.1.1"
  checksum: 10/3ed74f2b0cdf4f401f38edb0442ddfde3092d79d7d35c9919c86641efdbcbb32e45aa3c0f70ce5eecc946896cd5a0f26e4188b9f2b881876f7cb6c505b82da11
  languageName: node
  linkType: hard

"is-number@npm:^7.0.0":
  version: 7.0.0
  resolution: "is-number@npm:7.0.0"
  checksum: 10/6a6c3383f68afa1e05b286af866017c78f1226d43ac8cb064e115ff9ed85eb33f5c4f7216c96a71e4dfea289ef52c5da3aef5bbfade8ffe47a0465d70c0c8e86
  languageName: node
  linkType: hard

"is-subdir@npm:^1.1.1":
  version: 1.2.0
  resolution: "is-subdir@npm:1.2.0"
  dependencies:
    better-path-resolve: "npm:1.0.0"
  checksum: 10/31029a383972bff4cc4f1bd1463fd04dde017e0a04ae3a6f6e08124a90c6c4656312d593101b0f38805fa3f3c8f6bc4583524bbf72c50784fa5ca0d3e5a76279
  languageName: node
  linkType: hard

"is-windows@npm:^1.0.0":
  version: 1.0.2
  resolution: "is-windows@npm:1.0.2"
  checksum: 10/438b7e52656fe3b9b293b180defb4e448088e7023a523ec21a91a80b9ff8cdb3377ddb5b6e60f7c7de4fa8b63ab56e121b6705fe081b3cf1b828b0a380009ad7
  languageName: node
  linkType: hard

"isexe@npm:^2.0.0":
  version: 2.0.0
  resolution: "isexe@npm:2.0.0"
  checksum: 10/7c9f715c03aff08f35e98b1fadae1b9267b38f0615d501824f9743f3aab99ef10e303ce7db3f186763a0b70a19de5791ebfc854ff884d5a8c4d92211f642ec92
  languageName: node
  linkType: hard

"js-yaml@npm:^3.6.1":
  version: 3.15.1
  resolution: "js-yaml@npm:3.15.1"
  dependencies:
    argparse: "npm:^1.0.7"
    esprima: "npm:^4.0.0"
  bin:
    js-yaml: bin/js-yaml.js
  checksum: 10/905842ce08c18b154ff2c187ff81bb41294cc5dda214331b5d9b8bcf395894e48b00fa37b9d4dd4c3ffec672b7496a94558e3876d3a8ad4d12b06248112e6d92
  languageName: node
  linkType: hard

"js-yaml@npm:^4.1.1":
  version: 4.3.1
  resolution: "js-yaml@npm:4.3.1"
  dependencies:
    argparse: "npm:^2.0.1"
  bin:
    js-yaml: bin/js-yaml.js
  checksum: 10/2ce71b5d632abbd77da80447bf860e8a0264e54bffe94840984887d58b023761495b523727547904517a6107a1ef189854b361e0fc44995ee13a84f222d7bd42
  languageName: node
  linkType: hard

"jsonfile@npm:^4.0.0":
  version: 4.0.0
  resolution: "jsonfile@npm:4.0.0"
  dependencies:
    graceful-fs: "npm:^4.1.6"
  dependenciesMeta:
    graceful-fs:
      optional: true
  checksum: 10/17796f0ab1be8479827d3683433f97ebe0a1c6932c3360fa40348eac36904d69269aab26f8b16da311882d94b42e9208e8b28e490bf926364f3ac9bff134c226
  languageName: node
  linkType: hard

"locate-path@npm:^5.0.0":
  version: 5.0.0
  resolution: "locate-path@npm:5.0.0"
  dependencies:
    p-locate: "npm:^4.1.0"
  checksum: 10/83e51725e67517287d73e1ded92b28602e3ae5580b301fe54bfb76c0c723e3f285b19252e375712316774cf52006cb236aed5704692c32db0d5d089b69696e30
  languageName: node
  linkType: hard

"lodash.startcase@npm:^4.4.0":
  version: 4.4.0
  resolution: "lodash.startcase@npm:4.4.0"
  checksum: 10/3091048a54a2f92bcf2c6441d2bd9a706fb133d5f461ae7c310d6dca1530338a06c91e9e42a5b14b12e875ddae1814d448050dc02afe2cec09b3995d8e836837
  languageName: node
  linkType: hard

"merge2@npm:^1.3.0, merge2@npm:^1.4.1":
  version: 1.4.1
  resolution: "merge2@npm:1.4.1"
  checksum: 10/7268db63ed5169466540b6fb947aec313200bcf6d40c5ab722c22e242f651994619bcd85601602972d3c85bd2cc45a358a4c61937e9f11a061919a1da569b0c2
  languageName: node
  linkType: hard

"micromatch@npm:^4.0.8":
  version: 4.0.8
  resolution: "micromatch@npm:4.0.8"
  dependencies:
    braces: "npm:^3.0.3"
    picomatch: "npm:^2.3.1"
  checksum: 10/6bf2a01672e7965eb9941d1f02044fad2bd12486b5553dc1116ff24c09a8723157601dc992e74c911d896175918448762df3b3fd0a6b61037dd1a9766ddfbf58
  languageName: node
  linkType: hard

"mri@npm:^1.2.0":
  version: 1.2.0
  resolution: "mri@npm:1.2.0"
  checksum: 10/6775a1d2228bb9d191ead4efc220bd6be64f943ad3afd4dcb3b3ac8fc7b87034443f666e38805df38e8d047b29f910c3cc7810da0109af83e42c82c73bd3f6bc
  languageName: node
  linkType: hard

"outdent@npm:^0.5.0":
  version: 0.5.0
  resolution: "outdent@npm:0.5.0"
  checksum: 10/7d94a7d93883afa32c99d84f33248b221f4eeeedbb571921fe0e5cf0bee32e64746c587e9606d98ec22762870c782d21dd4bc3a0edf442d347cb54aa107b198d
  languageName: node
  linkType: hard

"p-filter@npm:^2.1.0":
  version: 2.1.0
  resolution: "p-filter@npm:2.1.0"
  dependencies:
    p-map: "npm:^2.0.0"
  checksum: 10/76e552ca624ce2233448d68b19eec9de42b695208121998f7e011edce71d1079a83096ee6a2078fb2a59cfa8a5c999f046edf00ebf16a8e780022010b4693234
  languageName: node
  linkType: hard

"p-limit@npm:^2.2.0":
  version: 2.3.0
  resolution: "p-limit@npm:2.3.0"
  dependencies:
    p-try: "npm:^2.0.0"
  checksum: 10/84ff17f1a38126c3314e91ecfe56aecbf36430940e2873dadaa773ffe072dc23b7af8e46d4b6485d302a11673fe94c6b67ca2cfbb60c989848b02100d0594ac1
  languageName: node
  linkType: hard

"p-locate@npm:^4.1.0":
  version: 4.1.0
  resolution: "p-locate@npm:4.1.0"
  dependencies:
    p-limit: "npm:^2.2.0"
  checksum: 10/513bd14a455f5da4ebfcb819ef706c54adb09097703de6aeaa5d26fe5ea16df92b48d1ac45e01e3944ce1e6aa2a66f7f8894742b8c9d6e276e16cd2049a2b870
  languageName: node
  linkType: hard

"p-map@npm:^2.0.0":
  version: 2.1.0
  resolution: "p-map@npm:2.1.0"
  checksum: 10/9e3ad3c9f6d75a5b5661bcad78c91f3a63849189737cd75e4f1225bf9ac205194e5c44aac2ef6f09562b1facdb9bd1425584d7ac375bfaa17b3f1a142dab936d
  languageName: node
  linkType: hard

"p-try@npm:^2.0.0":
  version: 2.2.0
  resolution: "p-try@npm:2.2.0"
  checksum: 10/f8a8e9a7693659383f06aec604ad5ead237c7a261c18048a6e1b5b85a5f8a067e469aa24f5bc009b991ea3b058a87f5065ef4176793a200d4917349881216cae
  languageName: node
  linkType: hard

"package-manager-detector@npm:^0.2.0":
  version: 0.2.11
  resolution: "package-manager-detector@npm:0.2.11"
  dependencies:
    quansync: "npm:^0.2.7"
  checksum: 10/2c1a8da0e5895f0be06a8e1f4b4336fb78a19167ca3932dbaeca7260f948e67cf53b32585a13f8108341e7a468b38b4f2a8afc7b11691cb2d856ecd759d570fb
  languageName: node
  linkType: hard

"path-exists@npm:^4.0.0":
  version: 4.0.0
  resolution: "path-exists@npm:4.0.0"
  checksum: 10/505807199dfb7c50737b057dd8d351b82c033029ab94cb10a657609e00c1bc53b951cfdbccab8de04c5584d5eff31128ce6afd3db79281874a5ef2adbba55ed1
  languageName: node
  linkType: hard

"path-key@npm:^3.1.0":
  version: 3.1.1
  resolution: "path-key@npm:3.1.1"
  checksum: 10/55cd7a9dd4b343412a8386a743f9c746ef196e57c823d90ca3ab917f90ab9f13dd0ded27252ba49dbdfcab2b091d998bc446f6220cd3cea65db407502a740020
  languageName: node
  linkType: hard

"path-type@npm:^4.0.0":
  version: 4.0.0
  resolution: "path-type@npm:4.0.0"
  checksum: 10/5b1e2daa247062061325b8fdbfd1fb56dde0a448fb1455453276ea18c60685bdad23a445dc148cf87bc216be1573357509b7d4060494a6fd768c7efad833ee45
  languageName: node
  linkType: hard

"picocolors@npm:^1.1.0":
  version: 1.1.1
  resolution: "picocolors@npm:1.1.1"
  checksum: 10/e1cf46bf84886c79055fdfa9dcb3e4711ad259949e3565154b004b260cd356c5d54b31a1437ce9782624bf766272fe6b0154f5f0c744fb7af5d454d2b60db045
  languageName: node
  linkType: hard

"picomatch@npm:^2.3.1":
  version: 2.3.2
  resolution: "picomatch@npm:2.3.2"
  checksum: 10/b788ef8148a2415b9dec12f0bb350ae6a5830f8f1950e472abc2f5225494debf7d1b75eb031df0ceaea9e8ec3e7bad599e8dbf3c60d61b42be429ba41bff4426
  languageName: node
  linkType: hard

"pify@npm:^4.0.1":
  version: 4.0.1
  resolution: "pify@npm:4.0.1"
  checksum: 10/8b97cbf9dc6d4c1320cc238a2db0fc67547f9dc77011729ff353faf34f1936ea1a4d7f3c63b2f4980b253be77bcc72ea1e9e76ee3fd53cce2aafb6a8854d07ec
  languageName: node
  linkType: hard

"prettier@npm:^2.7.1":
  version: 2.8.8
  resolution: "prettier@npm:2.8.8"
  bin:
    prettier: bin-prettier.js
  checksum: 10/00cdb6ab0281f98306cd1847425c24cbaaa48a5ff03633945ab4c701901b8e96ad558eb0777364ffc312f437af9b5a07d0f45346266e8245beaf6247b9c62b24
  languageName: node
  linkType: hard

"quansync@npm:^0.2.7":
  version: 0.2.11
  resolution: "quansync@npm:0.2.11"
  checksum: 10/d4f0cc21a25052a8a6183f17752a6221829c4795b40641de67c06945b356841ff00296d3700d0332dfe8e86100fdcc02f4be7559f3f1774a753b05adb7800d01
  languageName: node
  linkType: hard

"queue-microtask@npm:^1.2.2":
  version: 1.2.3
  resolution: "queue-microtask@npm:1.2.3"
  checksum: 10/72900df0616e473e824202113c3df6abae59150dfb73ed13273503127235320e9c8ca4aaaaccfd58cf417c6ca92a6e68ee9a5c3182886ae949a768639b388a7b
  languageName: node
  linkType: hard

"read-yaml-file@npm:^1.1.0":
  version: 1.1.0
  resolution: "read-yaml-file@npm:1.1.0"
  dependencies:
    graceful-fs: "npm:^4.1.5"
    js-yaml: "npm:^3.6.1"
    pify: "npm:^4.0.1"
    strip-bom: "npm:^3.0.0"
  checksum: 10/41ee5f075507ef0403328dd54e225a61c3149f915675ce7fd0fd791ddcce2e6c30a9fe0f76ffa7a465c1c157b9b4ad8ded1dcf47dc3b396103eeb013490bbc2e
  languageName: node
  linkType: hard

"resolve-from@npm:^5.0.0":
  version: 5.0.0
  resolution: "resolve-from@npm:5.0.0"
  checksum: 10/be18a5e4d76dd711778664829841cde690971d02b6cbae277735a09c1c28f407b99ef6ef3cd585a1e6546d4097b28df40ed32c4a287b9699dcf6d7f208495e23
  languageName: node
  linkType: hard

"reusify@npm:^1.0.4":
  version: 1.1.0
  resolution: "reusify@npm:1.1.0"
  checksum: 10/af47851b547e8a8dc89af144fceee17b80d5beaf5e6f57ed086432d79943434ff67ca526e92275be6f54b6189f6920a24eace75c2657eed32d02c400312b21ec
  languageName: node
  linkType: hard

"run-parallel@npm:^1.1.9":
  version: 1.2.0
  resolution: "run-parallel@npm:1.2.0"
  dependencies:
    queue-microtask: "npm:^1.2.2"
  checksum: 10/cb4f97ad25a75ebc11a8ef4e33bb962f8af8516bb2001082ceabd8902e15b98f4b84b4f8a9b222e5d57fc3bd1379c483886ed4619367a7680dad65316993021d
  languageName: node
  linkType: hard

"safer-buffer@npm:>= 2.1.2 < 3.0.0":
  version: 2.1.2
  resolution: "safer-buffer@npm:2.1.2"
  checksum: 10/7eaf7a0cf37cc27b42fb3ef6a9b1df6e93a1c6d98c6c6702b02fe262d5fcbd89db63320793b99b21cb5348097d0a53de81bd5f4e8b86e20cc9412e3f1cfb4e83
  languageName: node
  linkType: hard

"semver@npm:^7.5.3":
  version: 7.8.5
  resolution: "semver@npm:7.8.5"
  bin:
    semver: bin/semver.js
  checksum: 10/9b01d2ff11e6e4a4539b7ca3c5f280c8704cb397a28504469f2ed4f00ad2194748d756647362a9712fff30984d15772ab7f083108c2fb508e2096ae9e708f22c
  languageName: node
  linkType: hard

"shebang-command@npm:^2.0.0":
  version: 2.0.0
  resolution: "shebang-command@npm:2.0.0"
  dependencies:
    shebang-regex: "npm:^3.0.0"
  checksum: 10/6b52fe87271c12968f6a054e60f6bde5f0f3d2db483a1e5c3e12d657c488a15474121a1d55cd958f6df026a54374ec38a4a963988c213b7570e1d51575cea7fa
  languageName: node
  linkType: hard

"shebang-regex@npm:^3.0.0":
  version: 3.0.0
  resolution: "shebang-regex@npm:3.0.0"
  checksum: 10/1a2bcae50de99034fcd92ad4212d8e01eedf52c7ec7830eedcf886622804fe36884278f2be8be0ea5fde3fd1c23911643a4e0f726c8685b61871c8908af01222
  languageName: node
  linkType: hard

"signal-exit@npm:^4.0.1":
  version: 4.1.0
  resolution: "signal-exit@npm:4.1.0"
  checksum: 10/c9fa63bbbd7431066174a48ba2dd9986dfd930c3a8b59de9c29d7b6854ec1c12a80d15310869ea5166d413b99f041bfa3dd80a7947bcd44ea8e6eb3ffeabfa1f
  languageName: node
  linkType: hard

"slash@npm:^3.0.0":
  version: 3.0.0
  resolution: "slash@npm:3.0.0"
  checksum: 10/94a93fff615f25a999ad4b83c9d5e257a7280c90a32a7cb8b4a87996e4babf322e469c42b7f649fd5796edd8687652f3fb452a86dc97a816f01113183393f11c
  languageName: node
  linkType: hard

"spawndamnit@npm:^3.0.1":
  version: 3.0.1
  resolution: "spawndamnit@npm:3.0.1"
  dependencies:
    cross-spawn: "npm:^7.0.5"
    signal-exit: "npm:^4.0.1"
  checksum: 10/47d88a7f1e5691e13e435eddc3d34123c2f7746e2853e91bfac5ea7c6e3bb4b1d1995223b25f7a8745871510d92f63ecd3c9fa02aa2896ac0c79fb618eb08bbe
  languageName: node
  linkType: hard

"sprintf-js@npm:~1.0.2":
  version: 1.0.3
  resolution: "sprintf-js@npm:1.0.3"
  checksum: 10/c34828732ab8509c2741e5fd1af6b767c3daf2c642f267788f933a65b1614943c282e74c4284f4fa749c264b18ee016a0d37a3e5b73aee446da46277d3a85daa
  languageName: node
  linkType: hard

"strip-ansi@npm:^6.0.1":
  version: 6.0.1
  resolution: "strip-ansi@npm:6.0.1"
  dependencies:
    ansi-regex: "npm:^5.0.1"
  checksum: 10/ae3b5436d34fadeb6096367626ce987057713c566e1e7768818797e00ac5d62023d0f198c4e681eae9e20701721980b26a64a8f5b91238869592a9c6800719a2
  languageName: node
  linkType: hard

"strip-bom@npm:^3.0.0":
  version: 3.0.0
  resolution: "strip-bom@npm:3.0.0"
  checksum: 10/8d50ff27b7ebe5ecc78f1fe1e00fcdff7af014e73cf724b46fb81ef889eeb1015fc5184b64e81a2efe002180f3ba431bdd77e300da5c6685d702780fbf0c8d5b
  languageName: node
  linkType: hard

"term-size@npm:^2.1.0":
  version: 2.2.1
  resolution: "term-size@npm:2.2.1"
  checksum: 10/f96aca2d4139c91e3359f5949ffb86f0a58f8c254ab7fe4a64b65126974939c782db6aaa91bf51a56d0344e505e22f9a0186f2f689e23ac9382b54606603c537
  languageName: node
  linkType: hard

"to-regex-range@npm:^5.0.1":
  version: 5.0.1
  resolution: "to-regex-range@npm:5.0.1"
  dependencies:
    is-number: "npm:^7.0.0"
  checksum: 10/10dda13571e1f5ad37546827e9b6d4252d2e0bc176c24a101252153ef435d83696e2557fe128c4678e4e78f5f01e83711c703eef9814eb12dab028580d45980a
  languageName: node
  linkType: hard

"universalify@npm:^0.1.0":
  version: 0.1.2
  resolution: "universalify@npm:0.1.2"
  checksum: 10/40cdc60f6e61070fe658ca36016a8f4ec216b29bf04a55dce14e3710cc84c7448538ef4dad3728d0bfe29975ccd7bfb5f414c45e7b78883567fb31b246f02dff
  languageName: node
  linkType: hard

"which@npm:^2.0.1":
  version: 2.0.2
  resolution: "which@npm:2.0.2"
  dependencies:
    isexe: "npm:^2.0.0"
  bin:
    node-which: ./bin/node-which
  checksum: 10/4782f8a1d6b8fc12c65e968fea49f59752bf6302dc43036c3bf87da718a80710f61a062516e9764c70008b487929a73546125570acea95c5b5dcc8ac3052c70f
  languageName: node
  linkType: hard

"zbynekstara-npm-test@workspace:.":
  version: 0.0.0-use.local
  resolution: "zbynekstara-npm-test@workspace:."
  dependencies:
    "@changesets/assemble-release-plan": "npm:6.0.10"
    "@changesets/cli": "npm:2.31.1"
    "@changesets/config": "npm:3.1.4"
    "@changesets/read": "npm:0.6.7"
    "@manypkg/get-packages": "npm:1.1.3"
  languageName: unknown
  linkType: soft
