# This file is generated by running "yarn install" inside your project.
# Manual changes might be lost - proceed with caution!

__metadata:
  version: 8
  cacheKey: 10

"@changesets/apply-release-plan@npm:^8.0.0":
  version: 8.0.0
  resolution: "@changesets/apply-release-plan@npm:8.0.0"
  dependencies:
    "@changesets/config": "npm:^4.0.0"
    "@changesets/format": "npm:^0.1.1"
    "@changesets/git": "npm:^4.0.0"
    "@changesets/should-skip-package": "npm:^1.0.0"
    "@changesets/types": "npm:^7.0.0"
    import-meta-resolve: "npm:^4.2.0"
    jsonc-parser: "npm:^3.3.1"
    semver: "npm:^7.8.1"
  checksum: 10/0d0244c712215f1a409dc37b1cd1d6fe17633aaf1510d206ac42ad625c9e72b63e1fcd91ca269e911c6605a572b78eff3f8b05bd48fd65912a7606835222dca8
  languageName: node
  linkType: hard

"@changesets/assemble-release-plan@npm:^7.0.0":
  version: 7.0.0
  resolution: "@changesets/assemble-release-plan@npm:7.0.0"
  dependencies:
    "@changesets/errors": "npm:^1.0.0"
    "@changesets/get-dependents-graph": "npm:^3.0.0"
    "@changesets/should-skip-package": "npm:^1.0.0"
    "@changesets/types": "npm:^7.0.0"
    semver: "npm:^7.8.1"
  checksum: 10/1d2b22d57f4db2c33075b511f7185bea63e8b17f6083b0bf607c10ba2868df5942695e29774dce695876f03512da4264edd61101492312ffc716c356f750743d
  languageName: node
  linkType: hard

"@changesets/changelog-git@npm:^1.0.0":
  version: 1.0.0
  resolution: "@changesets/changelog-git@npm:1.0.0"
  dependencies:
    "@changesets/types": "npm:^7.0.0"
  checksum: 10/64d4a9b44ee7fee23034f6d89cd80bb66419f59a1002424167a0282dfe252369eb7ecbad1f3eb9a02126d3bc5f9d2e5f8cdc0a51fed9158d71f9491735830d52
  languageName: node
  linkType: hard

"@changesets/cli@npm:3.0.0":
  version: 3.0.0
  resolution: "@changesets/cli@npm:3.0.0"
  dependencies:
    "@changesets/apply-release-plan": "npm:^8.0.0"
    "@changesets/assemble-release-plan": "npm:^7.0.0"
    "@changesets/changelog-git": "npm:^1.0.0"
    "@changesets/config": "npm:^4.0.0"
    "@changesets/errors": "npm:^1.0.0"
    "@changesets/get-dependents-graph": "npm:^3.0.0"
    "@changesets/git": "npm:^4.0.0"
    "@changesets/pre": "npm:^3.0.0"
    "@changesets/read": "npm:^1.0.0"
    "@changesets/should-skip-package": "npm:^1.0.0"
    "@changesets/types": "npm:^7.0.0"
    "@changesets/write": "npm:^1.0.0"
    "@clack/prompts": "npm:^1.7.0"
    "@manypkg/get-packages": "npm:^3.1.0"
    "@pnpm/deps.graph-sequencer": "npm:^1100.0.1"
    cac: "npm:^7.0.0"
    import-meta-resolve: "npm:^4.2.0"
    launch-editor: "npm:^2.14.1"
    package-manager-detector: "npm:^1.6.0"
    semver: "npm:^7.8.1"
    tinyexec: "npm:^1.3.0"
  bin:
    changeset: bin.js
  checksum: 10/11030de752427fdf551b0f83f9ecf78976129d552b1c1c0fc9d54ab8c105e8c67ca617ea841ebd0b9c5b73847f9cf39bc715abb500f045f2dffbd0f7aab73006
  languageName: node
  linkType: hard

"@changesets/config@npm:^4.0.0":
  version: 4.0.0
  resolution: "@changesets/config@npm:4.0.0"
  dependencies:
    "@changesets/get-dependents-graph": "npm:^3.0.0"
    "@changesets/should-skip-package": "npm:^1.0.0"
    "@changesets/types": "npm:^7.0.0"
    "@manypkg/get-packages": "npm:^3.1.0"
    picomatch: "npm:^4.0.4"
  checksum: 10/2e21cc47ed2f4f94a8d92baf5c6fd449ece769b1d19b326adcda4db954e6aed91d7e1ee291547766d45e1641d38514b8223e33603f7665316f00288969499997
  languageName: node
  linkType: hard

"@changesets/errors@npm:^1.0.0":
  version: 1.0.0
  resolution: "@changesets/errors@npm:1.0.0"
  checksum: 10/27f8ef6c539eccb5d3173bd5beb039e3ce44e8714cb2cc0749f0ccb98f1af4ef32b6aef25520cfd08e35d6876da634743b04a50ffcd4bde520cb302c5d1dfe04
  languageName: node
  linkType: hard

"@changesets/format@npm:^0.1.1":
  version: 0.1.1
  resolution: "@changesets/format@npm:0.1.1"
  dependencies:
    package-manager-detector: "npm:^1.6.0"
    tinyexec: "npm:^1.2.4"
  checksum: 10/e1c7c1808b4b1f3120607e2729739a49e2c712c4745a3f80313cc5fa5d41e0c36272692cd12ea34da7dc7ee237ccb18d677dc23c454483d34e6316dad892942c
  languageName: node
  linkType: hard

"@changesets/get-dependents-graph@npm:^3.0.0":
  version: 3.0.0
  resolution: "@changesets/get-dependents-graph@npm:3.0.0"
  dependencies:
    "@changesets/types": "npm:^7.0.0"
    semver: "npm:^7.8.1"
  checksum: 10/3b53b29bc316acc08f76351711b2e90f79237a8d5c1369e845c05f940b69b580d438404b7f53fce997a97f926279135b88995ce819fe6bb211a577a80b381804
  languageName: node
  linkType: hard

"@changesets/git@npm:^4.0.0":
  version: 4.0.0
  resolution: "@changesets/git@npm:4.0.0"
  dependencies:
    "@changesets/errors": "npm:^1.0.0"
    "@changesets/types": "npm:^7.0.0"
    "@manypkg/get-packages": "npm:^3.1.0"
    picomatch: "npm:^4.0.4"
    tinyexec: "npm:^1.3.0"
  checksum: 10/f2907b0c3a9b8c1d135f87952505c675f304dc0162fef46a2e4fc255dea2b380730813e6e355bda5e70d453a1c8bf231ef1de947cc7b7bc3aca4f6926b09980f
  languageName: node
  linkType: hard

"@changesets/parse@npm:^1.0.0":
  version: 1.0.0
  resolution: "@changesets/parse@npm:1.0.0"
  dependencies:
    "@changesets/types": "npm:^7.0.0"
    yaml: "npm:^2.9.0"
  checksum: 10/f3e7d0cb03d9218abebb1e7bd2244befcddab7cd9299f88714fc2ac3f5b16850efc158f67155ccfe46ccd6e6a8371b8db02121b9c0b2ac1ce947f3634f248b64
  languageName: node
  linkType: hard

"@changesets/pre@npm:^3.0.0":
  version: 3.0.0
  resolution: "@changesets/pre@npm:3.0.0"
  dependencies:
    "@changesets/errors": "npm:^1.0.0"
    "@changesets/types": "npm:^7.0.0"
    "@manypkg/get-packages": "npm:^3.1.0"
  checksum: 10/c9615ad03b7efc020bc4046ddc158ce62eaa7aee4e283e9b7c0da229ddad74e86707bf54c73681fe8822305486bfd1691d3118ba3e674018a1f07a46640faa10
  languageName: node
  linkType: hard

"@changesets/read@npm:^1.0.0":
  version: 1.0.0
  resolution: "@changesets/read@npm:1.0.0"
  dependencies:
    "@changesets/git": "npm:^4.0.0"
    "@changesets/parse": "npm:^1.0.0"
    "@changesets/types": "npm:^7.0.0"
  checksum: 10/505e723f87fd847b7264ce342a0b3f5aa849d5d6aba6806d1e7fc0490964e3716bb0fc065dd6a87e970a3684fe04d30ef789a1c0f1d49671dadc4b55c7a5c65d
  languageName: node
  linkType: hard

"@changesets/should-skip-package@npm:^1.0.0":
  version: 1.0.0
  resolution: "@changesets/should-skip-package@npm:1.0.0"
  dependencies:
    "@changesets/types": "npm:^7.0.0"
  checksum: 10/143f7757fa602e173ec6cd504c41c0d4a204c6b36f5bdc80fbf13e2eec22cdd371b97daaebbd8b772fde1329070fb1ac80f9925193ebc0782c178e7c5a37aaee
  languageName: node
  linkType: hard

"@changesets/types@npm:^7.0.0":
  version: 7.0.0
  resolution: "@changesets/types@npm:7.0.0"
  checksum: 10/7de8bfc0614cf76c0d1d699b61e1f1ba11abb9dd0f5eb0525fbddcf4bcca519151078c27e3bfa1fcf63aba23e28b744c18048eec3d4fb3eec5c763915edbaae2
  languageName: node
  linkType: hard

"@changesets/write@npm:^1.0.0":
  version: 1.0.0
  resolution: "@changesets/write@npm:1.0.0"
  dependencies:
    "@changesets/format": "npm:^0.1.1"
    "@changesets/types": "npm:^7.0.0"
    human-id: "npm:^4.2.0"
  checksum: 10/9a67ab5eb8adf0a94f7cc03eb6b29ffccc16e491149ba00130b1cb95a0ea69bf8439041ad8f606f25cb13e7ea5a1c5f1d413f9b1e35e7e44a925195e327fcee2
  languageName: node
  linkType: hard

"@clack/core@npm:1.4.3":
  version: 1.4.3
  resolution: "@clack/core@npm:1.4.3"
  dependencies:
    fast-wrap-ansi: "npm:^0.2.0"
    sisteransi: "npm:^1.0.5"
  checksum: 10/9d875718cb161e0eca97c3ed3ba3063211436c4224a04556b840e045f18505c8fdb645754d9459181069b3a3b6699962d0f47e38e2502cb0acfef1649b3557b3
  languageName: node
  linkType: hard

"@clack/prompts@npm:^1.7.0":
  version: 1.7.0
  resolution: "@clack/prompts@npm:1.7.0"
  dependencies:
    "@clack/core": "npm:1.4.3"
    fast-string-width: "npm:^3.0.2"
    fast-wrap-ansi: "npm:^0.2.0"
    sisteransi: "npm:^1.0.5"
  checksum: 10/2bfc89d6755a1e10166a3b7a6cc883a09c1d4d82c08fbe98763284d522f256a58ed20c5ee4ab36f2a6e06bc1b3f0c16b02657159f7d593dab12c55260755f0c2
  languageName: node
  linkType: hard

"@manypkg/find-root@npm:^3.1.0":
  version: 3.1.0
  resolution: "@manypkg/find-root@npm:3.1.0"
  dependencies:
    "@manypkg/tools": "npm:^2.1.0"
  checksum: 10/49d625ce57a142066ac8bc135219fcb924715e7f54ece98d36208034beeba20133c49e4bb6b636a5e7d0c0633f157a9c3523e65397839f487d88490c42bfab62
  languageName: node
  linkType: hard

"@manypkg/get-packages@npm:^3.1.0":
  version: 3.1.0
  resolution: "@manypkg/get-packages@npm:3.1.0"
  dependencies:
    "@manypkg/find-root": "npm:^3.1.0"
    "@manypkg/tools": "npm:^2.1.0"
  checksum: 10/f6c7e16fc99fc17138b0eeda2374ccd3279b9d520e87ddb25296738d83bb1345f67ff1bf6b759ec19d9df84fcb3dd20546eb2cdafb53c378fa4bcebeb693e6d3
  languageName: node
  linkType: hard

"@manypkg/tools@npm:^2.1.0":
  version: 2.1.2
  resolution: "@manypkg/tools@npm:2.1.2"
  dependencies:
    jju: "npm:^1.4.0"
    tinyglobby: "npm:^0.2.13"
    yaml: "npm:^2.9.0"
  checksum: 10/b5ccf5500c8103978a2d1adcfbea9c51e637e1f03efabe0f8bc3631ff43d066459f965c73bdd68e575abd9237edb73b1fc83dab6b3e91bd49d39810466ff0755
  languageName: node
  linkType: hard

"@pnpm/deps.graph-sequencer@npm:^1100.0.1":
  version: 1100.0.1
  resolution: "@pnpm/deps.graph-sequencer@npm:1100.0.1"
  checksum: 10/b1e4d2bf61458bddaa1ebfb5c50a5643b1fa8607773583676e537350293682f14af96932e0519837fc5d91a56d3332892b5199f3d95056817696c9394cf4c4ab
  languageName: node
  linkType: hard

"@zbynekstara-test/core@workspace:packages/core, @zbynekstara-test/core@workspace:~":
  version: 0.0.0-use.local
  resolution: "@zbynekstara-test/core@workspace:packages/core"
  languageName: unknown
  linkType: soft

"@zbynekstara-test/dep@workspace:packages/dep":
  version: 0.0.0-use.local
  resolution: "@zbynekstara-test/dep@workspace:packages/dep"
  dependencies:
    "@zbynekstara-test/core": "workspace:~"
  languageName: unknown
  linkType: soft

"cac@npm:^7.0.0":
  version: 7.0.0
  resolution: "cac@npm:7.0.0"
  checksum: 10/1ada3b090403d0051619b1519c21db1cb0b32c7772d6c8782cc55c5349caac9efbb1076ba513c5975331ff0bdb104e2be9421fd3ff6c0ef5db9d58a04a4aa6f5
  languageName: node
  linkType: hard

"fast-string-truncated-width@npm:^3.0.2":
  version: 3.0.3
  resolution: "fast-string-truncated-width@npm:3.0.3"
  checksum: 10/3a1631e48927cb558b612a90ee78a61a660823c39b024bfc113935760b5b64805dbf03c4e696c33005294db578417687432e9d13567f1a582c2c75015e8a7648
  languageName: node
  linkType: hard

"fast-string-width@npm:^3.0.2":
  version: 3.0.2
  resolution: "fast-string-width@npm:3.0.2"
  dependencies:
    fast-string-truncated-width: "npm:^3.0.2"
  checksum: 10/5b9019769f2b00b96d43575c202f4e035a0e55eba7669a9a32351de9fa0805d0959a2afcaec6e4db5ee9b9a4c08d8e77f95abeb04b5bae2f76635cf04ddb4b80
  languageName: node
  linkType: hard

"fast-wrap-ansi@npm:^0.2.0":
  version: 0.2.2
  resolution: "fast-wrap-ansi@npm:0.2.2"
  dependencies:
    fast-string-width: "npm:^3.0.2"
  checksum: 10/c72272e4ee9c047ec4609adea9beb779f058e0aaee37d9e99d2306c401b34ad2b158ba6969860e35f8be7a0b0ba7512b71315d403e58a45a9f0eba0dc5b4befd
  languageName: node
  linkType: hard

"fdir@npm:^6.5.0":
  version: 6.5.0
  resolution: "fdir@npm:6.5.0"
  peerDependencies:
    picomatch: ^3 || ^4
  peerDependenciesMeta:
    picomatch:
      optional: true
  checksum: 10/14ca1c9f0a0e8f4f2e9bf4e8551065a164a09545dae548c12a18d238b72e51e5a7b39bd8e5494b56463a0877672d0a6c1ef62c6fa0677db1b0c847773be939b1
  languageName: node
  linkType: hard

"human-id@npm:^4.2.0":
  version: 4.2.0
  resolution: "human-id@npm:4.2.0"
  bin:
    human-id: dist/cli.js
  checksum: 10/879f603f199642a67995b76a41510e142140f67852fe886c7b4cd1e90f82f4fb1452a6b2a8b75b1c313073e663d0bbcbc5dbb1dd17a648991d4d1a6da709f087
  languageName: node
  linkType: hard

"import-meta-resolve@npm:^4.2.0":
  version: 4.2.0
  resolution: "import-meta-resolve@npm:4.2.0"
  checksum: 10/3499ee8b7eddb79be77067b368bcdf39e6f144306dea4686d08071ae7e65a2e3bdca3f98f2a0f4babdcd4ba9d9e7d379ae7e27c4b9bf8b08c1e812a28c674bf3
  languageName: node
  linkType: hard

"jju@npm:^1.4.0":
  version: 1.4.0
  resolution: "jju@npm:1.4.0"
  checksum: 10/1067ff8ce02221faac5a842116ed0ec79a53312a111d0bf8342a80bd02c0a3fdf0b8449694a65947db0a3e8420e8b326dffb489c7dd5866efc380c0d1708a707
  languageName: node
  linkType: hard

"jsonc-parser@npm:^3.3.1":
  version: 3.3.1
  resolution: "jsonc-parser@npm:3.3.1"
  checksum: 10/9b0dc391f20b47378f843ef1e877e73ec652a5bdc3c5fa1f36af0f119a55091d147a86c1ee86a232296f55c929bba174538c2bf0312610e0817a22de131cc3f4
  languageName: node
  linkType: hard

"launch-editor@npm:^2.14.1":
  version: 2.14.1
  resolution: "launch-editor@npm:2.14.1"
  dependencies:
    picocolors: "npm:^1.1.1"
    shell-quote: "npm:^1.8.4"
  checksum: 10/335d12ca437280e77070657531c251b6c91c62bc653f70ab66ddd2a6e50131b1b043480411c5b93d54955a0a6eb8ec01e9a5b5cfe2d887341d878d19394a126b
  languageName: node
  linkType: hard

"package-manager-detector@npm:^1.6.0":
  version: 1.8.0
  resolution: "package-manager-detector@npm:1.8.0"
  checksum: 10/5d79b8bf3d0d3da312ec08749c74a3b7e4d4139c259fe3561538772c65ece8ff733e002c67a4324b5c505d2ac625c121b94cf3d5135e1b4e43fed5bced148763
  languageName: node
  linkType: hard

"picocolors@npm:^1.1.1":
  version: 1.1.1
  resolution: "picocolors@npm:1.1.1"
  checksum: 10/e1cf46bf84886c79055fdfa9dcb3e4711ad259949e3565154b004b260cd356c5d54b31a1437ce9782624bf766272fe6b0154f5f0c744fb7af5d454d2b60db045
  languageName: node
  linkType: hard

"picomatch@npm:^4.0.4":
  version: 4.0.5
  resolution: "picomatch@npm:4.0.5"
  checksum: 10/8bad770af9dcdb7f94ad1a893adcbe08a97d75a18872f8fed37161d3124217471c402b3929f051532f795f4ff2e53dcebb1644df4c1a5f3a9c476fef3b9f8c51
  languageName: node
  linkType: hard

"semver@npm:^7.8.1":
  version: 7.8.5
  resolution: "semver@npm:7.8.5"
  bin:
    semver: bin/semver.js
  checksum: 10/9b01d2ff11e6e4a4539b7ca3c5f280c8704cb397a28504469f2ed4f00ad2194748d756647362a9712fff30984d15772ab7f083108c2fb508e2096ae9e708f22c
  languageName: node
  linkType: hard

"shell-quote@npm:^1.8.4":
  version: 1.10.0
  resolution: "shell-quote@npm:1.10.0"
  checksum: 10/d4a22aeefe64919290af753ac6098239d7ffee52a5db62c20edef69794bd10b5f86e298f68be26af9606ac435e890dd391994a5405a90bb8aebef1ff1dde839b
  languageName: node
  linkType: hard

"sisteransi@npm:^1.0.5":
  version: 1.0.5
  resolution: "sisteransi@npm:1.0.5"
  checksum: 10/aba6438f46d2bfcef94cf112c835ab395172c75f67453fe05c340c770d3c402363018ae1ab4172a1026a90c47eaccf3af7b6ff6fa749a680c2929bd7fa2b37a4
  languageName: node
  linkType: hard

"tinyexec@npm:^1.2.4, tinyexec@npm:^1.3.0":
  version: 1.3.0
  resolution: "tinyexec@npm:1.3.0"
  checksum: 10/749a8c5aac2ffe3f04220b8966f414636c6c324d4ae88895dfffb2319db61cf1c01c5d7e8f0fb8ab747389ea0be1f0f80d850a9cce88a9d96cc5ebcb345db018
  languageName: node
  linkType: hard

"tinyglobby@npm:^0.2.13":
  version: 0.2.17
  resolution: "tinyglobby@npm:0.2.17"
  dependencies:
    fdir: "npm:^6.5.0"
    picomatch: "npm:^4.0.4"
  checksum: 10/f85e8a217d675c3f78d5f0ad25ea4557e7e023ed13ddc2b014da10bd0312eea53a34cd52356af07ccdff777f1243012547656282a4ca70936f68bf5065fbaa71
  languageName: node
  linkType: hard

"yaml@npm:^2.9.0":
  version: 2.9.0
  resolution: "yaml@npm:2.9.0"
  bin:
    yaml: bin.mjs
  checksum: 10/9a95e8e08651c3d292ab6a5befeb5f57b76801caa097c75bb45c9a70ce19c1b11f57e87a6ef84a579ea070ed2c2c8ac541c88c0ae684d544d5f42c7e77d11b7b
  languageName: node
  linkType: hard

"zbynekstara-npm-test@workspace:.":
  version: 0.0.0-use.local
  resolution: "zbynekstara-npm-test@workspace:."
  dependencies:
    "@changesets/cli": "npm:3.0.0"
  languageName: unknown
  linkType: soft
